PODS:
  - Alamofire (5.7.1)
  - FittedSheets (2.6.1)
  - Kingfisher (7.9.1)
  - NVActivityIndicatorView (5.1.1):
    - NVActivityIndicatorView/Base (= 5.1.1)
  - NVActivityIndicatorView/Base (5.1.1)
  - RxSwift (6.6.0)
  - SkeletonView (1.30.4)

DEPENDENCIES:
  - Alamofire (= 5.7.1)
  - FittedSheets (= 2.6.1)
  - Kingfisher (= 7.9.1)
  - NVActivityIndicatorView (= 5.1.1)
  - RxSwift (= 6.6.0)
  - SkeletonView (= 1.30.4)

SPEC REPOS:
  trunk:
    - Alamofire
    - FittedSheets
    - Kingfisher
    - NVActivityIndicatorView
    - RxSwift
    - SkeletonView

SPEC CHECKSUMS:
  Alamofire: 0123a34370cb170936ae79a8df46cc62b2edeb88
  FittedSheets: 37e35f105c531f3845075f1788dd8517a35315c4
  Kingfisher: 1d14e9f59cbe19389f591c929000332bf70efd32
  NVActivityIndicatorView: 1f6c5687f1171810aa27a3296814dc2d7dec3667
  RxSwift: a4b44f7d24599f674deebd1818eab82e58410632
  SkeletonView: 5a050f6411e697abd4cda0a8d767013399dccd69

PODFILE CHECKSUM: d75176f7f8bccca6e8cd897cfb7510f0e720bf3d

COCOAPODS: 1.11.3
